// !$*UTF8*$!
{
	archiveVersion = 1;
	classes = {
	};
	objectVersion = 50;
	objects = {

/* Begin PBXBuildFile section */
		3DF0F8AA21D69ED000041BF0 /* AppDelegate.swift in Sources */ = {isa = PBXBuildFile; fileRef = 3DF0F8A921D69ED000041BF0 /* AppDelegate.swift */; };
		3DF0F8AC21D69ED000041BF0 /* ViewController.swift in Sources */ = {isa = PBXBuildFile; fileRef = 3DF0F8AB21D69ED000041BF0 /* ViewController.swift */; };
		3DF0F8AF21D69ED000041BF0 /* Main.storyboard in Resources */ = {isa = PBXBuildFile; fileRef = 3DF0F8AD21D69ED000041BF0 /* Main.storyboard */; };
		3DF0F8B121D69ED200041BF0 /* Assets.xcassets in Resources */ = {isa = PBXBuildFile; fileRef = 3DF0F8B021D69ED200041BF0 /* Assets.xcassets */; };
		3DF0F8B421D69ED200041BF0 /* LaunchScreen.storyboard in Resources */ = {isa = PBXBuildFile; fileRef = 3DF0F8B221D69ED200041BF0 /* LaunchScreen.storyboard */; };
		3DF0F8BF21D69ED200041BF0 /* EasyTipsTests.swift in Sources */ = {isa = PBXBuildFile; fileRef = 3DF0F8BE21D69ED200041BF0 /* EasyTipsTests.swift */; };
		3DF0F8CA21D69ED200041BF0 /* EasyTipsUITests.swift in Sources */ = {isa = PBXBuildFile; fileRef = 3DF0F8C921D69ED200041BF0 /* EasyTipsUITests.swift */; };
		3DF0F8DA21D86B7E00041BF0 /* SettingViewController.swift in Sources */ = {isa = PBXBuildFile; fileRef = 3DF0F8D921D86B7E00041BF0 /* SettingViewController.swift */; };
/* End PBXBuildFile section */

/* Begin PBXContainerItemProxy section */
		3DF0F8BB21D69ED200041BF0 /* PBXContainerItemProxy */ = {
			isa = PBXContainerItemProxy;
			containerPortal = 3DF0F89E21D69ECF00041BF0 /* Project object */;
			proxyType = 1;
			remoteGlobalIDString = 3DF0F8A521D69ED000041BF0;
			remoteInfo = EasyTips;
		};
		3DF0F8C621D69ED200041BF0 /* PBXContainerItemProxy */ = {
			isa = PBXContainerItemProxy;
			containerPortal = 3DF0F89E21D69ECF00041BF0 /* Project object */;
			proxyType = 1;
			remoteGlobalIDString = 3DF0F8A521D69ED000041BF0;
			remoteInfo = EasyTips;
		};
/* End PBXContainerItemProxy section */

/* Begin PBXFileReference section */
		3DF0F8A621D69ED000041BF0 /* EasyTips.app */ = {isa = PBXFileReference; explicitFileType = wrapper.application; includeInIndex = 0; path = EasyTips.app; sourceTree = BUILT_PRODUCTS_DIR; };
		3DF0F8A921D69ED000041BF0 /* AppDelegate.swift */ = {isa = PBXFileReference; lastKnownFileType = sourcecode.swift; path = AppDelegate.swift; sourceTree = "<group>"; };
		3DF0F8AB21D69ED000041BF0 /* ViewController.swift */ = {isa = PBXFileReference; lastKnownFileType = sourcecode.swift; path = ViewController.swift; sourceTree = "<group>"; };
		3DF0F8AE21D69ED000041BF0 /* Base */ = {isa = PBXFileReference; lastKnownFileType = file.storyboard; name = Base; path = Base.lproj/Main.storyboard; sourceTree = "<group>"; };
		3DF0F8B021D69ED200041BF0 /* Assets.xcassets */ = {isa = PBXFileReference; lastKnownFileType = folder.assetcatalog; path = Assets.xcassets; sourceTree = "<group>"; };
		3DF0F8B321D69ED200041BF0 /* Base */ = {isa = PBXFileReference; lastKnownFileType = file.storyboard; name = Base; path = Base.lproj/LaunchScreen.storyboard; sourceTree = "<group>"; };
		3DF0F8B521D69ED200041BF0 /* Info.plist */ = {isa = PBXFileReference; lastKnownFileType = text.plist.xml; path = Info.plist; sourceTree = "<group>"; };
		3DF0F8BA21D69ED200041BF0 /* EasyTipsTests.xctest */ = {isa = PBXFileReference; explicitFileType = wrapper.cfbundle; includeInIndex = 0; path = EasyTipsTests.xctest; sourceTree = BUILT_PRODUCTS_DIR; };
		3DF0F8BE21D69ED200041BF0 /* EasyTipsTests.swift */ = {isa = PBXFileReference; lastKnownFileType = sourcecode.swift; path = EasyTipsTests.swift; sourceTree = "<group>"; };
		3DF0F8C021D69ED200041BF0 /* Info.plist */ = {isa = PBXFileReference; lastKnownFileType = text.plist.xml; path = Info.plist; sourceTree = "<group>"; };
		3DF0F8C521D69ED200041BF0 /* EasyTipsUITests.xctest */ = {isa = PBXFileReference; explicitFileType = wrapper.cfbundle; includeInIndex = 0; path = EasyTipsUITests.xctest; sourceTree = BUILT_PRODUCTS_DIR; };
		3DF0F8C921D69ED200041BF0 /* EasyTipsUITests.swift */ = {isa = PBXFileReference; lastKnownFileType = sourcecode.swift; path = EasyTipsUITests.swift; sourceTree = "<group>"; };
		3DF0F8CB21D69ED200041BF0 /* Info.plist */ = {isa = PBXFileReference; lastKnownFileType = text.plist.xml; path = Info.plist; sourceTree = "<group>"; };
		3DF0F8D921D86B7E00041BF0 /* SettingViewController.swift */ = {isa = PBXFileReference; lastKnownFileType = sourcecode.swift; path = SettingViewController.swift; sourceTree = "<group>"; };
/* End PBXFileReference section */

/* Begin PBXFrameworksBuildPhase section */
		3DF0F8A321D69ED000041BF0 /* Frameworks */ = {
			isa = PBXFrameworksBuildPhase;
			buildActionMask = 2147483647;
			files = (
			);
			runOnlyForDeploymentPostprocessing = 0;
		};
		3DF0F8B721D69ED200041BF0 /* Frameworks */ = {
			isa = PBXFrameworksBuildPhase;
			buildActionMask = 2147483647;
			files = (
			);
			runOnlyForDeploymentPostprocessing = 0;
		};
		3DF0F8C221D69ED200041BF0 /* Frameworks */ = {
			isa = PBXFrameworksBuildPhase;
			buildActionMask = 2147483647;
			files = (
			);
			runOnlyForDeploymentPostprocessing = 0;
		};
/* End PBXFrameworksBuildPhase section */

/* Begin PBXGroup section */
		3DF0F89D21D69ECF00041BF0 = {
			isa = PBXGroup;
			children = (
				3DF0F8A821D69ED000041BF0 /* EasyTips */,
				3DF0F8BD21D69ED200041BF0 /* EasyTipsTests */,
				3DF0F8C821D69ED200041BF0 /* EasyTipsUITests */,
				3DF0F8A721D69ED000041BF0 /* Products */,
			);
			sourceTree = "<group>";
		};
		3DF0F8A721D69ED000041BF0 /* Products */ = {
			isa = PBXGroup;
			children = (
				3DF0F8A621D69ED000041BF0 /* EasyTips.app */,
				3DF0F8BA21D69ED200041BF0 /* EasyTipsTests.xctest */,
				3DF0F8C521D69ED200041BF0 /* EasyTipsUITests.xctest */,
			);
			name = Products;
			sourceTree = "<group>";
		};
		3DF0F8A821D69ED000041BF0 /* EasyTips */ = {
			isa = PBXGroup;
			children = (
				3DF0F8A921D69ED000041BF0 /* AppDelegate.swift */,
				3DF0F8AB21D69ED000041BF0 /* ViewController.swift */,
				3DF0F8D921D86B7E00041BF0 /* SettingViewController.swift */,
				3DF0F8AD21D69ED000041BF0 /* Main.storyboard */,
				3DF0F8B021D69ED200041BF0 /* Assets.xcassets */,
				3DF0F8B221D69ED200041BF0 /* LaunchScreen.storyboard */,
				3DF0F8B521D69ED200041BF0 /* Info.plist */,
			);
			path = EasyTips;
			sourceTree = "<group>";
		};
		3DF0F8BD21D69ED200041BF0 /* EasyTipsTests */ = {
			isa = PBXGroup;
			children = (
				3DF0F8BE21D69ED200041BF0 /* EasyTipsTests.swift */,
				3DF0F8C021D69ED200041BF0 /* Info.plist */,
			);
			path = EasyTipsTests;
			sourceTree = "<group>";
		};
		3DF0F8C821D69ED200041BF0 /* EasyTipsUITests */ = {
			isa = PBXGroup;
			children = (
				3DF0F8C921D69ED200041BF0 /* EasyTipsUITests.swift */,
				3DF0F8CB21D69ED200041BF0 /* Info.plist */,
			);
			path = EasyTipsUITests;
			sourceTree = "<group>";
		};
/* End PBXGroup section */

/* Begin PBXNativeTarget section */
		3DF0F8A521D69ED000041BF0 /* EasyTips */ = {
			isa = PBXNativeTarget;
			buildConfigurationList = 3DF0F8CE21D69ED200041BF0 /* Build configuration list for PBXNativeTarget "EasyTips" */;
			buildPhases = (
				3DF0F8A221D69ED000041BF0 /* Sources */,
				3DF0F8A321D69ED000041BF0 /* Frameworks */,
				3DF0F8A421D69ED000041BF0 /* Resources */,
			);
			buildRules = (
			);
			dependencies = (
			);
			name = EasyTips;
			productName = EasyTips;
			productReference = 3DF0F8A621D69ED000041BF0 /* EasyTips.app */;
			productType = "com.apple.product-type.application";
		};
		3DF0F8B921D69ED200041BF0 /* EasyTipsTests */ = {
			isa = PBXNativeTarget;
			buildConfigurationList = 3DF0F8D121D69ED200041BF0 /* Build configuration list for PBXNativeTarget "EasyTipsTests" */;
			buildPhases = (
				3DF0F8B621D69ED200041BF0 /* Sources */,
				3DF0F8B721D69ED200041BF0 /* Frameworks */,
				3DF0F8B821D69ED200041BF0 /* Resources */,
			);
			buildRules = (
			);
			dependencies = (
				3DF0F8BC21D69ED200041BF0 /* PBXTargetDependency */,
			);
			name = EasyTipsTests;
			productName = EasyTipsTests;
			productReference = 3DF0F8BA21D69ED200041BF0 /* EasyTipsTests.xctest */;
			productType = "com.apple.product-type.bundle.unit-test";
		};
		3DF0F8C421D69ED200041BF0 /* EasyTipsUITests */ = {
			isa = PBXNativeTarget;
			buildConfigurationList = 3DF0F8D421D69ED200041BF0 /* Build configuration list for PBXNativeTarget "EasyTipsUITests" */;
			buildPhases = (
				3DF0F8C121D69ED200041BF0 /* Sources */,
				3DF0F8C221D69ED200041BF0 /* Frameworks */,
				3DF0F8C321D69ED200041BF0 /* Resources */,
			);
			buildRules = (
			);
			dependencies = (
				3DF0F8C721D69ED200041BF0 /* PBXTargetDependency */,
			);
			name = EasyTipsUITests;
			productName = EasyTipsUITests;
			productReference = 3DF0F8C521D69ED200041BF0 /* EasyTipsUITests.xctest */;
			productType = "com.apple.product-type.bundle.ui-testing";
		};
/* End PBXNativeTarget section */

/* Begin PBXProject section */
		3DF0F89E21D69ECF00041BF0 /* Project object */ = {
			isa = PBXProject;
			attributes = {
				LastSwiftUpdateCheck = 1010;
				LastUpgradeCheck = 1010;
				ORGANIZATIONNAME = "Rachel Chen";
				TargetAttributes = {
					3DF0F8A521D69ED000041BF0 = {
						CreatedOnToolsVersion = 10.1;
					};
					3DF0F8B921D69ED200041BF0 = {
						CreatedOnToolsVersion = 10.1;
						TestTargetID = 3DF0F8A521D69ED000041BF0;
					};
					3DF0F8C421D69ED200041BF0 = {
						CreatedOnToolsVersion = 10.1;
						TestTargetID = 3DF0F8A521D69ED000041BF0;
					};
				};
			};
			buildConfigurationList = 3DF0F8A121D69ECF00041BF0 /* Build configuration list for PBXProject "EasyTips" */;
			compatibilityVersion = "Xcode 9.3";
			developmentRegion = en;
			hasScannedForEncodings = 0;
			knownRegions = (
				en,
				Base,
			);
			mainGroup = 3DF0F89D21D69ECF00041BF0;
			productRefGroup = 3DF0F8A721D69ED000041BF0 /* Products */;
			projectDirPath = "";
			projectRoot = "";
			targets = (
				3DF0F8A521D69ED000041BF0 /* EasyTips */,
				3DF0F8B921D69ED200041BF0 /* EasyTipsTests */,
				3DF0F8C421D69ED200041BF0 /* EasyTipsUITests */,
			);
		};
/* End PBXProject section */

/* Begin PBXResourcesBuildPhase section */
		3DF0F8A421D69ED000041BF0 /* Resources */ = {
			isa = PBXResourcesBuildPhase;
			buildActionMask = 2147483647;
			files = (
				3DF0F8B421D69ED200041BF0 /* LaunchScreen.storyboard in Resources */,
				3DF0F8B121D69ED200041BF0 /* Assets.xcassets in Resources */,
				3DF0F8AF21D69ED000041BF0 /* Main.storyboard in Resources */,
			);
			runOnlyForDeploymentPostprocessing = 0;
		};
		3DF0F8B821D69ED200041BF0 /* Resources */ = {
			isa = PBXResourcesBuildPhase;
			buildActionMask = 2147483647;
			files = (
			);
			runOnlyForDeploymentPostprocessing = 0;
		};
		3DF0F8C321D69ED200041BF0 /* Resources */ = {
			isa = PBXResourcesBuildPhase;
			buildActionMask = 2147483647;
			files = (
			);
			runOnlyForDeploymentPostprocessing = 0;
		};
/* End PBXResourcesBuildPhase section */

/* Begin PBXSourcesBuildPhase section */
		3DF0F8A221D69ED000041BF0 /* Sources */ = {
			isa = PBXSourcesBuildPhase;
			buildActionMask = 2147483647;
			files = (
				3DF0F8AC21D69ED000041BF0 /* ViewController.swift in Sources */,
				3DF0F8AA21D69ED000041BF0 /* AppDelegate.swift in Sources */,
				3DF0F8DA21D86B7E00041BF0 /* SettingViewController.swift in Sources */,
			);
			runOnlyForDeploymentPostprocessing = 0;
		};
		3DF0F8B621D69ED200041BF0 /* Sources */ = {
			isa = PBXSourcesBuildPhase;
			buildActionMask = 2147483647;
			files = (
				3DF0F8BF21D69ED200041BF0 /* EasyTipsTests.swift in Sources */,
			);
			runOnlyForDeploymentPostprocessing = 0;
		};
		3DF0F8C121D69ED200041BF0 /* Sources */ = {
			isa = PBXSourcesBuildPhase;
			buildActionMask = 2147483647;
			files = (
				3DF0F8CA21D69ED200041BF0 /* EasyTipsUITests.swift in Sources */,
			);
			runOnlyForDeploymentPostprocessing = 0;
		};
/* End PBXSourcesBuildPhase section */

/* Begin PBXTargetDependency section */
		3DF0F8BC21D69ED200041BF0 /* PBXTargetDependency */ = {
			isa = PBXTargetDependency;
			target = 3DF0F8A521D69ED000041BF0 /* EasyTips */;
			targetProxy = 3DF0F8BB21D69ED200041BF0 /* PBXContainerItemProxy */;
		};
		3DF0F8C721D69ED200041BF0 /* PBXTargetDependency */ = {
			isa = PBXTargetDependency;
			target = 3DF0F8A521D69ED000041BF0 /* EasyTips */;
			targetProxy = 3DF0F8C621D69ED200041BF0 /* PBXContainerItemProxy */;
		};
/* End PBXTargetDependency section */

/* Begin PBXVariantGroup section */
		3DF0F8AD21D69ED000041BF0 /* Main.storyboard */ = {
			isa = PBXVariantGroup;
			children = (
				3DF0F8AE21D69ED000041BF0 /* Base */,
			);
			name = Main.storyboard;
			sourceTree = "<group>";
		};
		3DF0F8B221D69ED200041BF0 /* LaunchScreen.storyboard */ = {
			isa = PBXVariantGroup;
			children = (
				3DF0F8B321D69ED200041BF0 /* Base */,
			);
			name = LaunchScreen.storyboard;
			sourceTree = "<group>";
		};
/* End PBXVariantGroup section */

/* Begin XCBuildConfiguration section */
		3DF0F8CC21D69ED200041BF0 /* Debug */ = {
			isa = XCBuildConfiguration;
			buildSettings = {
				ALWAYS_SEARCH_USER_PATHS = NO;
				CLANG_ANALYZER_NONNULL = YES;
				CLANG_ANALYZER_NUMBER_OBJECT_CONVERSION = YES_AGGRESSIVE;
				CLANG_CXX_LANGUAGE_STANDARD = "gnu++14";
				CLANG_CXX_LIBRARY = "libc++";
				CLANG_ENABLE_MODULES = YES;
				CLANG_ENABLE_OBJC_ARC = YES;
				CLANG_ENABLE_OBJC_WEAK = YES;
				CLANG_WARN_BLOCK_CAPTURE_AUTORELEASING = YES;
				CLANG_WARN_BOOL_CONVERSION = YES;
				CLANG_WARN_COMMA = YES;
				CLANG_WARN_CONSTANT_CONVERSION = YES;
				CLANG_WARN_DEPRECATED_OBJC_IMPLEMENTATIONS = YES;
				CLANG_WARN_DIRECT_OBJC_ISA_USAGE = YES_ERROR;
				CLANG_WARN_DOCUMENTATION_COMMENTS = YES;
				CLANG_WARN_EMPTY_BODY = YES;
				CLANG_WARN_ENUM_CONVERSION = YES;
				CLANG_WARN_INFINITE_RECURSION = YES;
				CLANG_WARN_INT_CONVERSION = YES;
				CLANG_WARN_NON_LITERAL_NULL_CONVERSION = YES;
				CLANG_WARN_OBJC_IMPLICIT_RETAIN_SELF = YES;
				CLANG_WARN_OBJC_LITERAL_CONVERSION = YES;
				CLANG_WARN_OBJC_ROOT_CLASS = YES_ERROR;
				CLANG_WARN_RANGE_LOOP_ANALYSIS = YES;
				CLANG_WARN_STRICT_PROTOTYPES = YES;
				CLANG_WARN_SUSPICIOUS_MOVE = YES;
				CLANG_WARN_UNGUARDED_AVAILABILITY = YES_AGGRESSIVE;
				CLANG_WARN_UNREACHABLE_CODE = YES;
				CLANG_WARN__DUPLICATE_METHOD_MATCH = YES;
				CODE_SIGN_IDENTITY = "iPhone Developer";
				COPY_PHASE_STRIP = NO;
				DEBUG_INFORMATION_FORMAT = dwarf;
				ENABLE_STRICT_OBJC_MSGSEND = YES;
				ENABLE_TESTABILITY = YES;
				GCC_C_LANGUAGE_STANDARD = gnu11;
				GCC_DYNAMIC_NO_PIC = NO;
				GCC_NO_COMMON_BLOCKS = YES;
				GCC_OPTIMIZATION_LEVEL = 0;
				GCC_PREPROCESSOR_DEFINITIONS = (
					"DEBUG=1",
					"$(inherited)",
				);
				GCC_WARN_64_TO_32_BIT_CONVERSION = YES;
				GCC_WARN_ABOUT_RETURN_TYPE = YES_ERROR;
				GCC_WARN_UNDECLARED_SELECTOR = YES;
				GCC_WARN_UNINITIALIZED_AUTOS = YES_AGGRESSIVE;
				GCC_WARN_UNUSED_FUNCTION = YES;
				GCC_WARN_UNUSED_VARIABLE = YES;
				IPHONEOS_DEPLOYMENT_TARGET = 12.1;
				MTL_ENABLE_DEBUG_INFO = INCLUDE_SOURCE;
				MTL_FAST_MATH = YES;
				ONLY_ACTIVE_ARCH = YES;
				SDKROOT = iphoneos;
				SWIFT_ACTIVE_COMPILATION_CONDITIONS = DEBUG;
				SWIFT_OPTIMIZATION_LEVEL = "-Onone";
			};
			name = Debug;
		};
		3DF0F8CD21D69ED200041BF0 /* Release */ = {
			isa = XCBuildConfiguration;
			buildSettings = {
				ALWAYS_SEARCH_USER_PATHS = NO;
				CLANG_ANALYZER_NONNULL = YES;
				CLANG_ANALYZER_NUMBER_OBJECT_CONVERSION = YES_AGGRESSIVE;
				CLANG_CXX_LANGUAGE_STANDARD = "gnu++14";
				CLANG_CXX_LIBRARY = "libc++";
				CLANG_ENABLE_MODULES = YES;
				CLANG_ENABLE_OBJC_ARC = YES;
				CLANG_ENABLE_OBJC_WEAK = YES;
				CLANG_WARN_BLOCK_CAPTURE_AUTORELEASING = YES;
				CLANG_WARN_BOOL_CONVERSION = YES;
				CLANG_WARN_COMMA = YES;
				CLANG_WARN_CONSTANT_CONVERSION = YES;
				CLANG_WARN_DEPRECATED_OBJC_IMPLEMENTATIONS = YES;
				CLANG_WARN_DIRECT_OBJC_ISA_USAGE = YES_ERROR;
				CLANG_WARN_DOCUMENTATION_COMMENTS = YES;
				CLANG_WARN_EMPTY_BODY = YES;
				CLANG_WARN_ENUM_CONVERSION = YES;
				CLANG_WARN_INFINITE_RECURSION = YES;
				CLANG_WARN_INT_CONVERSION = YES;
				CLANG_WARN_NON_LITERAL_NULL_CONVERSION = YES;
				CLANG_WARN_OBJC_IMPLICIT_RETAIN_SELF = YES;
				CLANG_WARN_OBJC_LITERAL_CONVERSION = YES;
				CLANG_WARN_OBJC_ROOT_CLASS = YES_ERROR;
				CLANG_WARN_RANGE_LOOP_ANALYSIS = YES;
				CLANG_WARN_STRICT_PROTOTYPES = YES;
				CLANG_WARN_SUSPICIOUS_MOVE = YES;
				CLANG_WARN_UNGUARDED_AVAILABILITY = YES_AGGRESSIVE;
				CLANG_WARN_UNREACHABLE_CODE = YES;
				CLANG_WARN__DUPLICATE_METHOD_MATCH = YES;
				CODE_SIGN_IDENTITY = "iPhone Developer";
				COPY_PHASE_STRIP = NO;
				DEBUG_INFORMATION_FORMAT = "dwarf-with-dsym";
				ENABLE_NS_ASSERTIONS = NO;
				ENABLE_STRICT_OBJC_MSGSEND = YES;
				GCC_C_LANGUAGE_STANDARD = gnu11;
				GCC_NO_COMMON_BLOCKS = YES;
				GCC_WARN_64_TO_32_BIT_CONVERSION = YES;
				GCC_WARN_ABOUT_RETURN_TYPE = YES_ERROR;
				GCC_WARN_UNDECLARED_SELECTOR = YES;
				GCC_WARN_UNINITIALIZED_AUTOS = YES_AGGRESSIVE;
				GCC_WARN_UNUSED_FUNCTION = YES;
				GCC_WARN_UNUSED_VARIABLE = YES;
				IPHONEOS_DEPLOYMENT_TARGET = 12.1;
				MTL_ENABLE_DEBUG_INFO = NO;
				MTL_FAST_MATH = YES;
				SDKROOT = iphoneos;
				SWIFT_COMPILATION_MODE = wholemodule;
				SWIFT_OPTIMIZATION_LEVEL = "-O";
				VALIDATE_PRODUCT = YES;
			};
			name = Release;
		};
		3DF0F8CF21D69ED200041BF0 /* Debug */ = {
			isa = XCBuildConfiguration;
			buildSettings = {
				ASSETCATALOG_COMPILER_APPICON_NAME = AppIcon;
				CODE_SIGN_STYLE = Automatic;
				INFOPLIST_FILE = EasyTips/Info.plist;
				LD_RUNPATH_SEARCH_PATHS = (
					"$(inherited)",
					"@executable_path/Frameworks",
				);
				PRODUCT_BUNDLE_IDENTIFIER = Rae.EasyTips;
				PRODUCT_NAME = "$(TARGET_NAME)";
				SWIFT_VERSION = 4.2;
				TARGETED_DEVICE_FAMILY = "1,2";
			};
			name = Debug;
		};
		3DF0F8D021D69ED200041BF0 /* Release */ = {
			isa = XCBuildConfiguration;
			buildSettings = {
				ASSETCATALOG_COMPILER_APPICON_NAME = AppIcon;
				CODE_SIGN_STYLE = Automatic;
				INFOPLIST_FILE = EasyTips/Info.plist;
				LD_RUNPATH_SEARCH_PATHS = (
					"$(inherited)",
					"@executable_path/Frameworks",
				);
				PRODUCT_BUNDLE_IDENTIFIER = Rae.EasyTips;
				PRODUCT_NAME = "$(TARGET_NAME)";
				SWIFT_VERSION = 4.2;
				TARGETED_DEVICE_FAMILY = "1,2";
			};
			name = Release;
		};
		3DF0F8D221D69ED200041BF0 /* Debug */ = {
			isa = XCBuildConfiguration;
			buildSettings = {
				ALWAYS_EMBED_SWIFT_STANDARD_LIBRARIES = YES;
				BUNDLE_LOADER = "$(TEST_HOST)";
				CODE_SIGN_STYLE = Automatic;
				INFOPLIST_FILE = EasyTipsTests/Info.plist;
				LD_RUNPATH_SEARCH_PATHS = (
					"$(inherited)",
					"@executable_path/Frameworks",
					"@loader_path/Frameworks",
				);
				PRODUCT_BUNDLE_IDENTIFIER = Rae.EasyTipsTests;
				PRODUCT_NAME = "$(TARGET_NAME)";
				SWIFT_VERSION = 4.2;
				TARGETED_DEVICE_FAMILY = "1,2";
				TEST_HOST = "$(BUILT_PRODUCTS_DIR)/EasyTips.app/EasyTips";
			};
			name = Debug;
		};
		3DF0F8D321D69ED200041BF0 /* Release */ = {
			isa = XCBuildConfiguration;
			buildSettings = {
				ALWAYS_EMBED_SWIFT_STANDARD_LIBRARIES = YES;
				BUNDLE_LOADER = "$(TEST_HOST)";
				CODE_SIGN_STYLE = Automatic;
				INFOPLIST_FILE = EasyTipsTests/Info.plist;
				LD_RUNPATH_SEARCH_PATHS = (
					"$(inherited)",
					"@executable_path/Frameworks",
					"@loader_path/Frameworks",
				);
				PRODUCT_BUNDLE_IDENTIFIER = Rae.EasyTipsTests;
				PRODUCT_NAME = "$(TARGET_NAME)";
				SWIFT_VERSION = 4.2;
				TARGETED_DEVICE_FAMILY = "1,2";
				TEST_HOST = "$(BUILT_PRODUCTS_DIR)/EasyTips.app/EasyTips";
			};
			name = Release;
		};
		3DF0F8D521D69ED200041BF0 /* Debug */ = {
			isa = XCBuildConfiguration;
			buildSettings = {
				ALWAYS_EMBED_SWIFT_STANDARD_LIBRARIES = YES;
				CODE_SIGN_STYLE = Automatic;
				INFOPLIST_FILE = EasyTipsUITests/Info.plist;
				LD_RUNPATH_SEARCH_PATHS = (
					"$(inherited)",
					"@executable_path/Frameworks",
					"@loader_path/Frameworks",
				);
				PRODUCT_BUNDLE_IDENTIFIER = Rae.EasyTipsUITests;
				PRODUCT_NAME = "$(TARGET_NAME)";
				SWIFT_VERSION = 4.2;
				TARGETED_DEVICE_FAMILY = "1,2";
				TEST_TARGET_NAME = EasyTips;
			};
			name = Debug;
		};
		3DF0F8D621D69ED200041BF0 /* Release */ = {
			isa = XCBuildConfiguration;
			buildSettings = {
				ALWAYS_EMBED_SWIFT_STANDARD_LIBRARIES = YES;
				CODE_SIGN_STYLE = Automatic;
				INFOPLIST_FILE = EasyTipsUITests/Info.plist;
				LD_RUNPATH_SEARCH_PATHS = (
					"$(inherited)",
					"@executable_path/Frameworks",
					"@loader_path/Frameworks",
				);
				PRODUCT_BUNDLE_IDENTIFIER = Rae.EasyTipsUITests;
				PRODUCT_NAME = "$(TARGET_NAME)";
				SWIFT_VERSION = 4.2;
				TARGETED_DEVICE_FAMILY = "1,2";
				TEST_TARGET_NAME = EasyTips;
			};
			name = Release;
		};
/* End XCBuildConfiguration section */

/* Begin XCConfigurationList section */
		3DF0F8A121D69ECF00041BF0 /* Build configuration list for PBXProject "EasyTips" */ = {
			isa = XCConfigurationList;
			buildConfigurations = (
				3DF0F8CC21D69ED200041BF0 /* Debug */,
				3DF0F8CD21D69ED200041BF0 /* Release */,
			);
			defaultConfigurationIsVisible = 0;
			defaultConfigurationName = Release;
		};
		3DF0F8CE21D69ED200041BF0 /* Build configuration list for PBXNativeTarget "EasyTips" */ = {
			isa = XCConfigurationList;
			buildConfigurations = (
				3DF0F8CF21D69ED200041BF0 /* Debug */,
				3DF0F8D021D69ED200041BF0 /* Release */,
			);
			defaultConfigurationIsVisible = 0;
			defaultConfigurationName = Release;
		};
		3DF0F8D121D69ED200041BF0 /* Build configuration list for PBXNativeTarget "EasyTipsTests" */ = {
			isa = XCConfigurationList;
			buildConfigurations = (
				3DF0F8D221D69ED200041BF0 /* Debug */,
				3DF0F8D321D69ED200041BF0 /* Release */,
			);
			defaultConfigurationIsVisible = 0;
			defaultConfigurationName = Release;
		};
		3DF0F8D421D69ED200041BF0 /* Build configuration list for PBXNativeTarget "EasyTipsUITests" */ = {
			isa = XCConfigurationList;
			buildConfigurations = (
				3DF0F8D521D69ED200041BF0 /* Debug */,
				3DF0F8D621D69ED200041BF0 /* Release */,
			);
			defaultConfigurationIsVisible = 0;
			defaultConfigurationName = Release;
		};
/* End XCConfigurationList section */
	};
	rootObject = 3DF0F89E21D69ECF00041BF0 /* Project object */;
}
